
Microsoft Visual Studio Solution File, Format Version 12.00
# Visual Studio Version 17
VisualStudioVersion = 17.11.35312.102
MinimumVisualStudioVersion = 10.0.40219.1
Project("{9A19103F-16F7-4668-BE54-9A1E7A4F7556}") = "QLBanSachWeb", "QLBanSachWeb.csproj", "{A7D3EF49-9E9F-4F23-906D-9B135878DD63}"
EndProject
Global
	GlobalSection(SolutionConfigurationPlatforms) = preSolution
		Debug|Any CPU = Debug|Any CPU
		Release|Any CPU = Release|Any CPU
	EndGlobalSection
	GlobalSection(ProjectConfigurationPlatforms) = postSolution
		{A7D3EF49-9E9F-4F23-906D-9B135878DD63}.Debug|Any CPU.ActiveCfg = Debug|Any CPU
		{A7D3EF49-9E9F-4F23-906D-9B135878DD63}.Debug|Any CPU.Build.0 = Debug|Any CPU
		{A7D3EF49-9E9F-4F23-906D-9B135878DD63}.Release|Any CPU.ActiveCfg = Release|Any CPU
		{A7D3EF49-9E9F-4F23-906D-9B135878DD63}.Release|Any CPU.Build.0 = Release|Any CPU
	EndGlobalSection
	GlobalSection(SolutionProperties) = preSolution
		HideSolutionNode = FALSE
	EndGlobalSection
	GlobalSection(ExtensibilityGlobals) = postSolution
		SolutionGuid = {E6B88961-AD4B-41F9-8E9B-2E53D3036DB7}
	EndGlobalSection
EndGlobal
